
Microsoft Visual Studio Solution File, Format Version 12.00
# Visual Studio Version 16
VisualStudioVersion = 16.0.31019.35
MinimumVisualStudioVersion = 10.0.40219.1
Project("{FAE04EC0-301F-11D3-BF4B-00C04F79EFBC}") = "Game Life", "Game Life\Game Life.csproj", "{A953339D-41AC-4A2C-B16C-4C7B01EA36E5}"
EndProject
Global
	GlobalSection(SolutionConfigurationPlatforms) = preSolution
		Debug|Any CPU = Debug|Any CPU
		Release|Any CPU = Release|Any CPU
	EndGlobalSection
	GlobalSection(ProjectConfigurationPlatforms) = postSolution
		{A953339D-41AC-4A2C-B16C-4C7B01EA36E5}.Debug|Any CPU.ActiveCfg = Debug|Any CPU
		{A953339D-41AC-4A2C-B16C-4C7B01EA36E5}.Debug|Any CPU.Build.0 = Debug|Any CPU
		{A953339D-41AC-4A2C-B16C-4C7B01EA36E5}.Release|Any CPU.ActiveCfg = Release|Any CPU
		{A953339D-41AC-4A2C-B16C-4C7B01EA36E5}.Release|Any CPU.Build.0 = Release|Any CPU
	EndGlobalSection
	GlobalSection(SolutionProperties) = preSolution
		HideSolutionNode = FALSE
	EndGlobalSection
	GlobalSection(ExtensibilityGlobals) = postSolution
		SolutionGuid = {40606758-C2F9-4A72-A609-9257A1219FC1}
	EndGlobalSection
EndGlobal
